// !$*UTF8*$!
{
	archiveVersion = 1;
	classes = {
	};
	objectVersion = 46;
	objects = {

/* Begin PBXBuildFile section */
		B00AF68B146C1A15005630A3 /* StarReviewView.m in Sources */ = {isa = PBXBuildFile; fileRef = B00AF688146C1A15005630A3 /* StarReviewView.m */; };
		B00AF68C146C1A15005630A3 /* xing-hight@2x.png in Resources */ = {isa = PBXBuildFile; fileRef = B00AF689146C1A15005630A3 /* xing-hight@2x.png */; };
		B00AF68D146C1A15005630A3 /* xing@2x.png in Resources */ = {isa = PBXBuildFile; fileRef = B00AF68A146C1A15005630A3 /* xing@2x.png */; };
		B014F8FB14483AC800A3D59E /* KVPasscodeViewController.m in Sources */ = {isa = PBXBuildFile; fileRef = B014F8F914483AC800A3D59E /* KVPasscodeViewController.m */; };
		B014F8FC14483AC800A3D59E /* KVPasscodeViewController.xib in Resources */ = {isa = PBXBuildFile; fileRef = B014F8FA14483AC800A3D59E /* KVPasscodeViewController.xib */; };
		B01B3B8A145E44FF0056602D /* NSString+MD5Addition.m in Sources */ = {isa = PBXBuildFile; fileRef = B01B3B87145E44FF0056602D /* NSString+MD5Addition.m */; };
		B01B3B8B145E44FF0056602D /* UIDevice+IdentifierAddition.m in Sources */ = {isa = PBXBuildFile; fileRef = B01B3B89145E44FF0056602D /* UIDevice+IdentifierAddition.m */; };
		B02FCCF714681D1B0097DC12 /* MBProgressHUD.m in Sources */ = {isa = PBXBuildFile; fileRef = B02FCCF614681D1B0097DC12 /* MBProgressHUD.m */; };
		B042E7411453DBA1005C6BC4 /* SFHFKeychainUtils.m in Sources */ = {isa = PBXBuildFile; fileRef = B042E7401453DBA1005C6BC4 /* SFHFKeychainUtils.m */; };
		B051BE58144D6A4C00F5C3FB /* NSDateUtil.m in Sources */ = {isa = PBXBuildFile; fileRef = B051BE57144D6A4C00F5C3FB /* NSDateUtil.m */; };
		B05831EC1489C0CC00E293CB /* UITitleButton.m in Sources */ = {isa = PBXBuildFile; fileRef = B05831EB1489C0CC00E293CB /* UITitleButton.m */; };
		B059FF7D1441A4110074B61F /* NSStringUtil.m in Sources */ = {isa = PBXBuildFile; fileRef = B059FF7C1441A4110074B61F /* NSStringUtil.m */; };
		B059FFB31441BC6A0074B61F /* NSLogUtil.m in Sources */ = {isa = PBXBuildFile; fileRef = B059FFB21441BC6A0074B61F /* NSLogUtil.m */; };
		B062DA29149332D300265373 /* UIImageTool.m in Sources */ = {isa = PBXBuildFile; fileRef = B062DA28149332D300265373 /* UIImageTool.m */; };
		B06D5BFA1447DC57007951CA /* ImageUtil.m in Sources */ = {isa = PBXBuildFile; fileRef = B06D5BF91447DC57007951CA /* ImageUtil.m */; };
		B081816D146109B800538E80 /* PeaceDirectoryUtil.m in Sources */ = {isa = PBXBuildFile; fileRef = B081816C146109B800538E80 /* PeaceDirectoryUtil.m */; };
		B091190D1460D7090023AB19 /* Qaurtz2D.m in Sources */ = {isa = PBXBuildFile; fileRef = B091190C1460D7090023AB19 /* Qaurtz2D.m */; };
		B094E603149C3C55001FF6EB /* BigAreaButton.m in Sources */ = {isa = PBXBuildFile; fileRef = B094E601149C3C55001FF6EB /* BigAreaButton.m */; };
		B0C7396614483D1E0033B923 /* QuartzCore.framework in Frameworks */ = {isa = PBXBuildFile; fileRef = B0C7396514483D1E0033B923 /* QuartzCore.framework */; };
		B0C7397314483DF80033B923 /* AudioDetect.m in Sources */ = {isa = PBXBuildFile; fileRef = B0C7397214483DF80033B923 /* AudioDetect.m */; };
		B0C8BE881435B3FE00623B8C /* UIKit.framework in Frameworks */ = {isa = PBXBuildFile; fileRef = B0C8BE871435B3FE00623B8C /* UIKit.framework */; };
		B0C8BE8A1435B3FE00623B8C /* Foundation.framework in Frameworks */ = {isa = PBXBuildFile; fileRef = B0C8BE891435B3FE00623B8C /* Foundation.framework */; };
		B0C8BE8C1435B3FE00623B8C /* CoreGraphics.framework in Frameworks */ = {isa = PBXBuildFile; fileRef = B0C8BE8B1435B3FE00623B8C /* CoreGraphics.framework */; };
		B0C8BE921435B3FE00623B8C /* InfoPlist.strings in Resources */ = {isa = PBXBuildFile; fileRef = B0C8BE901435B3FE00623B8C /* InfoPlist.strings */; };
		B0C8BE941435B3FE00623B8C /* main.m in Sources */ = {isa = PBXBuildFile; fileRef = B0C8BE931435B3FE00623B8C /* main.m */; };
		B0C8BE981435B3FE00623B8C /* AppDelegate.m in Sources */ = {isa = PBXBuildFile; fileRef = B0C8BE971435B3FE00623B8C /* AppDelegate.m */; };
		B0C8BE9B1435B3FE00623B8C /* ViewController.m in Sources */ = {isa = PBXBuildFile; fileRef = B0C8BE9A1435B3FE00623B8C /* ViewController.m */; };
		B0C8BE9E1435B3FE00623B8C /* ViewController.xib in Resources */ = {isa = PBXBuildFile; fileRef = B0C8BE9C1435B3FE00623B8C /* ViewController.xib */; };
		B0C8BEA81435B45200623B8C /* DeviceDetection.m in Sources */ = {isa = PBXBuildFile; fileRef = B0C8BEA71435B45200623B8C /* DeviceDetection.m */; };
		B0C8BEAA1435B5A400623B8C /* MessageUI.framework in Frameworks */ = {isa = PBXBuildFile; fileRef = B0C8BEA91435B5A400623B8C /* MessageUI.framework */; };
		B0FAB5B71448165C00E6FD35 /* AudioToolbox.framework in Frameworks */ = {isa = PBXBuildFile; fileRef = B0FAB5B61448165C00E6FD35 /* AudioToolbox.framework */; };
		B0FAB5BA1448168C00E6FD35 /* AVFoundation.framework in Frameworks */ = {isa = PBXBuildFile; fileRef = B0FAB5B91448168C00E6FD35 /* AVFoundation.framework */; };
/* End PBXBuildFile section */

/* Begin PBXFileReference section */
		B00AF687146C1A15005630A3 /* StarReviewView.h */ = {isa = PBXFileReference; fileEncoding = 4; lastKnownFileType = sourcecode.c.h; path = StarReviewView.h; sourceTree = "<group>"; };
		B00AF688146C1A15005630A3 /* StarReviewView.m */ = {isa = PBXFileReference; fileEncoding = 4; lastKnownFileType = sourcecode.c.objc; path = StarReviewView.m; sourceTree = "<group>"; };
		B00AF689146C1A15005630A3 /* xing-hight@2x.png */ = {isa = PBXFileReference; lastKnownFileType = image.png; path = "xing-hight@2x.png"; sourceTree = "<group>"; };
		B00AF68A146C1A15005630A3 /* xing@2x.png */ = {isa = PBXFileReference; lastKnownFileType = image.png; path = "xing@2x.png"; sourceTree = "<group>"; };
		B014F8F814483AC800A3D59E /* KVPasscodeViewController.h */ = {isa = PBXFileReference; fileEncoding = 4; lastKnownFileType = sourcecode.c.h; path = KVPasscodeViewController.h; sourceTree = "<group>"; };
		B014F8F914483AC800A3D59E /* KVPasscodeViewController.m */ = {isa = PBXFileReference; fileEncoding = 4; lastKnownFileType = sourcecode.c.objc; path = KVPasscodeViewController.m; sourceTree = "<group>"; };
		B014F8FA14483AC800A3D59E /* KVPasscodeViewController.xib */ = {isa = PBXFileReference; fileEncoding = 4; lastKnownFileType = file.xib; path = KVPasscodeViewController.xib; sourceTree = "<group>"; };
		B01B3B86145E44FF0056602D /* NSString+MD5Addition.h */ = {isa = PBXFileReference; fileEncoding = 4; lastKnownFileType = sourcecode.c.h; path = "NSString+MD5Addition.h"; sourceTree = "<group>"; };
		B01B3B87145E44FF0056602D /* NSString+MD5Addition.m */ = {isa = PBXFileReference; fileEncoding = 4; lastKnownFileType = sourcecode.c.objc; path = "NSString+MD5Addition.m"; sourceTree = "<group>"; };
		B01B3B88145E44FF0056602D /* UIDevice+IdentifierAddition.h */ = {isa = PBXFileReference; fileEncoding = 4; lastKnownFileType = sourcecode.c.h; path = "UIDevice+IdentifierAddition.h"; sourceTree = "<group>"; };
		B01B3B89145E44FF0056602D /* UIDevice+IdentifierAddition.m */ = {isa = PBXFileReference; fileEncoding = 4; lastKnownFileType = sourcecode.c.objc; path = "UIDevice+IdentifierAddition.m"; sourceTree = "<group>"; };
		B02FCCF514681D1B0097DC12 /* MBProgressHUD.h */ = {isa = PBXFileReference; fileEncoding = 4; lastKnownFileType = sourcecode.c.h; name = MBProgressHUD.h; path = UI/MBProgressHUD.h; sourceTree = "<group>"; };
		B02FCCF614681D1B0097DC12 /* MBProgressHUD.m */ = {isa = PBXFileReference; fileEncoding = 4; lastKnownFileType = sourcecode.c.objc; name = MBProgressHUD.m; path = UI/MBProgressHUD.m; sourceTree = "<group>"; };
		B042E73F1453DBA1005C6BC4 /* SFHFKeychainUtils.h */ = {isa = PBXFileReference; fileEncoding = 4; lastKnownFileType = sourcecode.c.h; path = SFHFKeychainUtils.h; sourceTree = "<group>"; };
		B042E7401453DBA1005C6BC4 /* SFHFKeychainUtils.m */ = {isa = PBXFileReference; fileEncoding = 4; lastKnownFileType = sourcecode.c.objc; path = SFHFKeychainUtils.m; sourceTree = "<group>"; };
		B051BE56144D6A4C00F5C3FB /* NSDateUtil.h */ = {isa = PBXFileReference; fileEncoding = 4; lastKnownFileType = sourcecode.c.h; path = NSDateUtil.h; sourceTree = "<group>"; };
		B051BE57144D6A4C00F5C3FB /* NSDateUtil.m */ = {isa = PBXFileReference; fileEncoding = 4; lastKnownFileType = sourcecode.c.objc; path = NSDateUtil.m; sourceTree = "<group>"; };
		B05831EA1489C0CC00E293CB /* UITitleButton.h */ = {isa = PBXFileReference; fileEncoding = 4; lastKnownFileType = sourcecode.c.h; path = UITitleButton.h; sourceTree = "<group>"; };
		B05831EB1489C0CC00E293CB /* UITitleButton.m */ = {isa = PBXFileReference; fileEncoding = 4; lastKnownFileType = sourcecode.c.objc; path = UITitleButton.m; sourceTree = "<group>"; };
		B059FF7B1441A4110074B61F /* NSStringUtil.h */ = {isa = PBXFileReference; fileEncoding = 4; lastKnownFileType = sourcecode.c.h; path = NSStringUtil.h; sourceTree = "<group>"; };
		B059FF7C1441A4110074B61F /* NSStringUtil.m */ = {isa = PBXFileReference; fileEncoding = 4; lastKnownFileType = sourcecode.c.objc; path = NSStringUtil.m; sourceTree = "<group>"; };
		B059FFB11441BC6A0074B61F /* NSLogUtil.h */ = {isa = PBXFileReference; fileEncoding = 4; lastKnownFileType = sourcecode.c.h; path = NSLogUtil.h; sourceTree = "<group>"; };
		B059FFB21441BC6A0074B61F /* NSLogUtil.m */ = {isa = PBXFileReference; fileEncoding = 4; lastKnownFileType = sourcecode.c.objc; path = NSLogUtil.m; sourceTree = "<group>"; };
		B062DA27149332D300265373 /* UIImageTool.h */ = {isa = PBXFileReference; fileEncoding = 4; lastKnownFileType = sourcecode.c.h; name = UIImageTool.h; path = UI/UIImageTool.h; sourceTree = "<group>"; };
		B062DA28149332D300265373 /* UIImageTool.m */ = {isa = PBXFileReference; fileEncoding = 4; lastKnownFileType = sourcecode.c.objc; name = UIImageTool.m; path = UI/UIImageTool.m; sourceTree = "<group>"; };
		B06D5BF81447DC57007951CA /* ImageUtil.h */ = {isa = PBXFileReference; fileEncoding = 4; lastKnownFileType = sourcecode.c.h; path = ImageUtil.h; sourceTree = "<group>"; };
		B06D5BF91447DC57007951CA /* ImageUtil.m */ = {isa = PBXFileReference; fileEncoding = 4; lastKnownFileType = sourcecode.c.objc; path = ImageUtil.m; sourceTree = "<group>"; };
		B081816B146109B800538E80 /* PeaceDirectoryUtil.h */ = {isa = PBXFileReference; fileEncoding = 4; lastKnownFileType = sourcecode.c.h; path = PeaceDirectoryUtil.h; sourceTree = "<group>"; };
		B081816C146109B800538E80 /* PeaceDirectoryUtil.m */ = {isa = PBXFileReference; fileEncoding = 4; lastKnownFileType = sourcecode.c.objc; path = PeaceDirectoryUtil.m; sourceTree = "<group>"; };
		B091190B1460D7090023AB19 /* Qaurtz2D.h */ = {isa = PBXFileReference; fileEncoding = 4; lastKnownFileType = sourcecode.c.h; name = Qaurtz2D.h; path = UI/Qaurtz2D.h; sourceTree = "<group>"; };
		B091190C1460D7090023AB19 /* Qaurtz2D.m */ = {isa = PBXFileReference; fileEncoding = 4; lastKnownFileType = sourcecode.c.objc; name = Qaurtz2D.m; path = UI/Qaurtz2D.m; sourceTree = "<group>"; };
		B094E601149C3C55001FF6EB /* BigAreaButton.m */ = {isa = PBXFileReference; fileEncoding = 4; lastKnownFileType = sourcecode.c.objc; path = BigAreaButton.m; sourceTree = "<group>"; };
		B094E602149C3C55001FF6EB /* BigAreaButton.h */ = {isa = PBXFileReference; fileEncoding = 4; lastKnownFileType = sourcecode.c.h; path = BigAreaButton.h; sourceTree = "<group>"; };
		B0C7396514483D1E0033B923 /* QuartzCore.framework */ = {isa = PBXFileReference; lastKnownFileType = wrapper.framework; name = QuartzCore.framework; path = System/Library/Frameworks/QuartzCore.framework; sourceTree = SDKROOT; };
		B0C7397114483DF80033B923 /* AudioDetect.h */ = {isa = PBXFileReference; fileEncoding = 4; lastKnownFileType = sourcecode.c.h; path = AudioDetect.h; sourceTree = "<group>"; };
		B0C7397214483DF80033B923 /* AudioDetect.m */ = {isa = PBXFileReference; fileEncoding = 4; lastKnownFileType = sourcecode.c.objc; path = AudioDetect.m; sourceTree = "<group>"; };
		B0C8BE831435B3FE00623B8C /* peaceios.app */ = {isa = PBXFileReference; explicitFileType = wrapper.application; includeInIndex = 0; path = peaceios.app; sourceTree = BUILT_PRODUCTS_DIR; };
		B0C8BE871435B3FE00623B8C /* UIKit.framework */ = {isa = PBXFileReference; lastKnownFileType = wrapper.framework; name = UIKit.framework; path = System/Library/Frameworks/UIKit.framework; sourceTree = SDKROOT; };
		B0C8BE891435B3FE00623B8C /* Foundation.framework */ = {isa = PBXFileReference; lastKnownFileType = wrapper.framework; name = Foundation.framework; path = System/Library/Frameworks/Foundation.framework; sourceTree = SDKROOT; };
		B0C8BE8B1435B3FE00623B8C /* CoreGraphics.framework */ = {isa = PBXFileReference; lastKnownFileType = wrapper.framework; name = CoreGraphics.framework; path = System/Library/Frameworks/CoreGraphics.framework; sourceTree = SDKROOT; };
		B0C8BE8F1435B3FE00623B8C /* peaceios-Info.plist */ = {isa = PBXFileReference; lastKnownFileType = text.plist.xml; path = "peaceios-Info.plist"; sourceTree = "<group>"; };
		B0C8BE911435B3FE00623B8C /* en */ = {isa = PBXFileReference; lastKnownFileType = text.plist.strings; name = en; path = en.lproj/InfoPlist.strings; sourceTree = "<group>"; };
		B0C8BE931435B3FE00623B8C /* main.m */ = {isa = PBXFileReference; lastKnownFileType = sourcecode.c.objc; path = main.m; sourceTree = "<group>"; };
		B0C8BE951435B3FE00623B8C /* peaceios-Prefix.pch */ = {isa = PBXFileReference; lastKnownFileType = sourcecode.c.h; path = "peaceios-Prefix.pch"; sourceTree = "<group>"; };
		B0C8BE961435B3FE00623B8C /* AppDelegate.h */ = {isa = PBXFileReference; lastKnownFileType = sourcecode.c.h; path = AppDelegate.h; sourceTree = "<group>"; };
		B0C8BE971435B3FE00623B8C /* AppDelegate.m */ = {isa = PBXFileReference; lastKnownFileType = sourcecode.c.objc; path = AppDelegate.m; sourceTree = "<group>"; };
		B0C8BE991435B3FE00623B8C /* ViewController.h */ = {isa = PBXFileReference; lastKnownFileType = sourcecode.c.h; path = ViewController.h; sourceTree = "<group>"; };
		B0C8BE9A1435B3FE00623B8C /* ViewController.m */ = {isa = PBXFileReference; lastKnownFileType = sourcecode.c.objc; path = ViewController.m; sourceTree = "<group>"; };
		B0C8BE9D1435B3FE00623B8C /* en */ = {isa = PBXFileReference; lastKnownFileType = file.xib; name = en; path = en.lproj/ViewController.xib; sourceTree = "<group>"; };
		B0C8BEA61435B45200623B8C /* DeviceDetection.h */ = {isa = PBXFileReference; fileEncoding = 4; lastKnownFileType = sourcecode.c.h; path = DeviceDetection.h; sourceTree = "<group>"; };
		B0C8BEA71435B45200623B8C /* DeviceDetection.m */ = {isa = PBXFileReference; fileEncoding = 4; lastKnownFileType = sourcecode.c.objc; path = DeviceDetection.m; sourceTree = "<group>"; };
		B0C8BEA91435B5A400623B8C /* MessageUI.framework */ = {isa = PBXFileReference; lastKnownFileType = wrapper.framework; name = MessageUI.framework; path = System/Library/Frameworks/MessageUI.framework; sourceTree = SDKROOT; };
		B0FAB5B61448165C00E6FD35 /* AudioToolbox.framework */ = {isa = PBXFileReference; lastKnownFileType = wrapper.framework; name = AudioToolbox.framework; path = System/Library/Frameworks/AudioToolbox.framework; sourceTree = SDKROOT; };
		B0FAB5B91448168C00E6FD35 /* AVFoundation.framework */ = {isa = PBXFileReference; lastKnownFileType = wrapper.framework; name = AVFoundation.framework; path = System/Library/Frameworks/AVFoundation.framework; sourceTree = SDKROOT; };
/* End PBXFileReference section */

/* Begin PBXFrameworksBuildPhase section */
		B0C8BE801435B3FE00623B8C /* Frameworks */ = {
			isa = PBXFrameworksBuildPhase;
			buildActionMask = 2147483647;
			files = (
				B0C7396614483D1E0033B923 /* QuartzCore.framework in Frameworks */,
				B0FAB5BA1448168C00E6FD35 /* AVFoundation.framework in Frameworks */,
				B0FAB5B71448165C00E6FD35 /* AudioToolbox.framework in Frameworks */,
				B0C8BEAA1435B5A400623B8C /* MessageUI.framework in Frameworks */,
				B0C8BE881435B3FE00623B8C /* UIKit.framework in Frameworks */,
				B0C8BE8A1435B3FE00623B8C /* Foundation.framework in Frameworks */,
				B0C8BE8C1435B3FE00623B8C /* CoreGraphics.framework in Frameworks */,
			);
			runOnlyForDeploymentPostprocessing = 0;
		};
/* End PBXFrameworksBuildPhase section */

/* Begin PBXGroup section */
		B00AF686146C1A15005630A3 /* starreviewview */ = {
			isa = PBXGroup;
			children = (
				B00AF687146C1A15005630A3 /* StarReviewView.h */,
				B00AF688146C1A15005630A3 /* StarReviewView.m */,
				B00AF689146C1A15005630A3 /* xing-hight@2x.png */,
				B00AF68A146C1A15005630A3 /* xing@2x.png */,
			);
			name = starreviewview;
			path = UI/starreviewview;
			sourceTree = "<group>";
		};
		B014F8F714483AC800A3D59E /* commonviewcontrollers */ = {
			isa = PBXGroup;
			children = (
				B014F8F814483AC800A3D59E /* KVPasscodeViewController.h */,
				B014F8F914483AC800A3D59E /* KVPasscodeViewController.m */,
				B014F8FA14483AC800A3D59E /* KVPasscodeViewController.xib */,
			);
			path = commonviewcontrollers;
			sourceTree = "<group>";
		};
		B042E73E1453DBA1005C6BC4 /* security */ = {
			isa = PBXGroup;
			children = (
				B042E73F1453DBA1005C6BC4 /* SFHFKeychainUtils.h */,
				B042E7401453DBA1005C6BC4 /* SFHFKeychainUtils.m */,
			);
			path = security;
			sourceTree = "<group>";
		};
		B05831E91489C0CC00E293CB /* controls */ = {
			isa = PBXGroup;
			children = (
				B094E601149C3C55001FF6EB /* BigAreaButton.m */,
				B094E602149C3C55001FF6EB /* BigAreaButton.h */,
				B05831EA1489C0CC00E293CB /* UITitleButton.h */,
				B05831EB1489C0CC00E293CB /* UITitleButton.m */,
			);
			name = controls;
			path = UI/controls;
			sourceTree = "<group>";
		};
		B09119091460D6E30023AB19 /* UI */ = {
			isa = PBXGroup;
			children = (
				B05831E91489C0CC00E293CB /* controls */,
				B00AF686146C1A15005630A3 /* starreviewview */,
				B091190B1460D7090023AB19 /* Qaurtz2D.h */,
				B02FCCF514681D1B0097DC12 /* MBProgressHUD.h */,
				B02FCCF614681D1B0097DC12 /* MBProgressHUD.m */,
				B091190C1460D7090023AB19 /* Qaurtz2D.m */,
				B062DA27149332D300265373 /* UIImageTool.h */,
				B062DA28149332D300265373 /* UIImageTool.m */,
			);
			name = UI;
			sourceTree = "<group>";
		};
		B0C7397014483DF80033B923 /* media */ = {
			isa = PBXGroup;
			children = (
				B0C7397114483DF80033B923 /* AudioDetect.h */,
				B0C7397214483DF80033B923 /* AudioDetect.m */,
			);
			path = media;
			sourceTree = "<group>";
		};
		B0C8BE781435B3FE00623B8C = {
			isa = PBXGroup;
			children = (
				B0C8BE8D1435B3FE00623B8C /* peaceios */,
				B0C8BE861435B3FE00623B8C /* Frameworks */,
				B0C8BE841435B3FE00623B8C /* Products */,
			);
			sourceTree = "<group>";
		};
		B0C8BE841435B3FE00623B8C /* Products */ = {
			isa = PBXGroup;
			children = (
				B0C8BE831435B3FE00623B8C /* peaceios.app */,
			);
			name = Products;
			sourceTree = "<group>";
		};
		B0C8BE861435B3FE00623B8C /* Frameworks */ = {
			isa = PBXGroup;
			children = (
				B0C7396514483D1E0033B923 /* QuartzCore.framework */,
				B0FAB5B91448168C00E6FD35 /* AVFoundation.framework */,
				B0FAB5B61448165C00E6FD35 /* AudioToolbox.framework */,
				B0C8BEA91435B5A400623B8C /* MessageUI.framework */,
				B0C8BE871435B3FE00623B8C /* UIKit.framework */,
				B0C8BE891435B3FE00623B8C /* Foundation.framework */,
				B0C8BE8B1435B3FE00623B8C /* CoreGraphics.framework */,
			);
			name = Frameworks;
			sourceTree = "<group>";
		};
		B0C8BE8D1435B3FE00623B8C /* peaceios */ = {
			isa = PBXGroup;
			children = (
				B0C8BEA41435B45200623B8C /* peaceios */,
				B0C8BE961435B3FE00623B8C /* AppDelegate.h */,
				B0C8BE971435B3FE00623B8C /* AppDelegate.m */,
				B0C8BE991435B3FE00623B8C /* ViewController.h */,
				B0C8BE9A1435B3FE00623B8C /* ViewController.m */,
				B0C8BE9C1435B3FE00623B8C /* ViewController.xib */,
				B0C8BE8E1435B3FE00623B8C /* Supporting Files */,
			);
			path = peaceios;
			sourceTree = "<group>";
		};
		B0C8BE8E1435B3FE00623B8C /* Supporting Files */ = {
			isa = PBXGroup;
			children = (
				B0C8BE8F1435B3FE00623B8C /* peaceios-Info.plist */,
				B0C8BE901435B3FE00623B8C /* InfoPlist.strings */,
				B0C8BE931435B3FE00623B8C /* main.m */,
				B0C8BE951435B3FE00623B8C /* peaceios-Prefix.pch */,
			);
			name = "Supporting Files";
			sourceTree = "<group>";
		};
		B0C8BEA41435B45200623B8C /* peaceios */ = {
			isa = PBXGroup;
			children = (
				B09119091460D6E30023AB19 /* UI */,
				B042E73E1453DBA1005C6BC4 /* security */,
				B0C7397014483DF80033B923 /* media */,
				B014F8F714483AC800A3D59E /* commonviewcontrollers */,
				B0C8BEA51435B45200623B8C /* util */,
			);
			path = peaceios;
			sourceTree = "<group>";
		};
		B0C8BEA51435B45200623B8C /* util */ = {
			isa = PBXGroup;
			children = (
				B01B3B86145E44FF0056602D /* NSString+MD5Addition.h */,
				B01B3B87145E44FF0056602D /* NSString+MD5Addition.m */,
				B01B3B88145E44FF0056602D /* UIDevice+IdentifierAddition.h */,
				B01B3B89145E44FF0056602D /* UIDevice+IdentifierAddition.m */,
				B0C8BEA61435B45200623B8C /* DeviceDetection.h */,
				B0C8BEA71435B45200623B8C /* DeviceDetection.m */,
				B059FF7B1441A4110074B61F /* NSStringUtil.h */,
				B059FF7C1441A4110074B61F /* NSStringUtil.m */,
				B059FFB11441BC6A0074B61F /* NSLogUtil.h */,
				B059FFB21441BC6A0074B61F /* NSLogUtil.m */,
				B06D5BF81447DC57007951CA /* ImageUtil.h */,
				B06D5BF91447DC57007951CA /* ImageUtil.m */,
				B051BE56144D6A4C00F5C3FB /* NSDateUtil.h */,
				B051BE57144D6A4C00F5C3FB /* NSDateUtil.m */,
				B081816B146109B800538E80 /* PeaceDirectoryUtil.h */,
				B081816C146109B800538E80 /* PeaceDirectoryUtil.m */,
			);
			path = util;
			sourceTree = "<group>";
		};
/* End PBXGroup section */

/* Begin PBXNativeTarget section */
		B0C8BE821435B3FE00623B8C /* peaceios */ = {
			isa = PBXNativeTarget;
			buildConfigurationList = B0C8BEA11435B3FE00623B8C /* Build configuration list for PBXNativeTarget "peaceios" */;
			buildPhases = (
				B0C8BE7F1435B3FE00623B8C /* Sources */,
				B0C8BE801435B3FE00623B8C /* Frameworks */,
				B0C8BE811435B3FE00623B8C /* Resources */,
			);
			buildRules = (
			);
			dependencies = (
			);
			name = peaceios;
			productName = peaceios;
			productReference = B0C8BE831435B3FE00623B8C /* peaceios.app */;
			productType = "com.apple.product-type.application";
		};
/* End PBXNativeTarget section */

/* Begin PBXProject section */
		B0C8BE7A1435B3FE00623B8C /* Project object */ = {
			isa = PBXProject;
			attributes = {
				LastUpgradeCheck = 0420;
				ORGANIZATIONNAME = "瓦力";
			};
			buildConfigurationList = B0C8BE7D1435B3FE00623B8C /* Build configuration list for PBXProject "peaceios" */;
			compatibilityVersion = "Xcode 3.2";
			developmentRegion = English;
			hasScannedForEncodings = 0;
			knownRegions = (
				en,
			);
			mainGroup = B0C8BE781435B3FE00623B8C;
			productRefGroup = B0C8BE841435B3FE00623B8C /* Products */;
			projectDirPath = "";
			projectRoot = "";
			targets = (
				B0C8BE821435B3FE00623B8C /* peaceios */,
			);
		};
/* End PBXProject section */

/* Begin PBXResourcesBuildPhase section */
		B0C8BE811435B3FE00623B8C /* Resources */ = {
			isa = PBXResourcesBuildPhase;
			buildActionMask = 2147483647;
			files = (
				B0C8BE921435B3FE00623B8C /* InfoPlist.strings in Resources */,
				B0C8BE9E1435B3FE00623B8C /* ViewController.xib in Resources */,
				B014F8FC14483AC800A3D59E /* KVPasscodeViewController.xib in Resources */,
				B00AF68C146C1A15005630A3 /* xing-hight@2x.png in Resources */,
				B00AF68D146C1A15005630A3 /* xing@2x.png in Resources */,
			);
			runOnlyForDeploymentPostprocessing = 0;
		};
/* End PBXResourcesBuildPhase section */

/* Begin PBXSourcesBuildPhase section */
		B0C8BE7F1435B3FE00623B8C /* Sources */ = {
			isa = PBXSourcesBuildPhase;
			buildActionMask = 2147483647;
			files = (
				B0C8BE941435B3FE00623B8C /* main.m in Sources */,
				B0C8BE981435B3FE00623B8C /* AppDelegate.m in Sources */,
				B0C8BE9B1435B3FE00623B8C /* ViewController.m in Sources */,
				B0C8BEA81435B45200623B8C /* DeviceDetection.m in Sources */,
				B059FF7D1441A4110074B61F /* NSStringUtil.m in Sources */,
				B059FFB31441BC6A0074B61F /* NSLogUtil.m in Sources */,
				B06D5BFA1447DC57007951CA /* ImageUtil.m in Sources */,
				B014F8FB14483AC800A3D59E /* KVPasscodeViewController.m in Sources */,
				B0C7397314483DF80033B923 /* AudioDetect.m in Sources */,
				B051BE58144D6A4C00F5C3FB /* NSDateUtil.m in Sources */,
				B042E7411453DBA1005C6BC4 /* SFHFKeychainUtils.m in Sources */,
				B01B3B8A145E44FF0056602D /* NSString+MD5Addition.m in Sources */,
				B01B3B8B145E44FF0056602D /* UIDevice+IdentifierAddition.m in Sources */,
				B091190D1460D7090023AB19 /* Qaurtz2D.m in Sources */,
				B081816D146109B800538E80 /* PeaceDirectoryUtil.m in Sources */,
				B02FCCF714681D1B0097DC12 /* MBProgressHUD.m in Sources */,
				B00AF68B146C1A15005630A3 /* StarReviewView.m in Sources */,
				B05831EC1489C0CC00E293CB /* UITitleButton.m in Sources */,
				B062DA29149332D300265373 /* UIImageTool.m in Sources */,
				B094E603149C3C55001FF6EB /* BigAreaButton.m in Sources */,
			);
			runOnlyForDeploymentPostprocessing = 0;
		};
/* End PBXSourcesBuildPhase section */

/* Begin PBXVariantGroup section */
		B0C8BE901435B3FE00623B8C /* InfoPlist.strings */ = {
			isa = PBXVariantGroup;
			children = (
				B0C8BE911435B3FE00623B8C /* en */,
			);
			name = InfoPlist.strings;
			sourceTree = "<group>";
		};
		B0C8BE9C1435B3FE00623B8C /* ViewController.xib */ = {
			isa = PBXVariantGroup;
			children = (
				B0C8BE9D1435B3FE00623B8C /* en */,
			);
			name = ViewController.xib;
			sourceTree = "<group>";
		};
/* End PBXVariantGroup section */

/* Begin XCBuildConfiguration section */
		B0C8BE9F1435B3FE00623B8C /* Debug */ = {
			isa = XCBuildConfiguration;
			buildSettings = {
				ALWAYS_SEARCH_USER_PATHS = NO;
				ARCHS = "$(ARCHS_STANDARD_32_BIT)";
				"CODE_SIGN_IDENTITY[sdk=iphoneos*]" = "iPhone Developer";
				COPY_PHASE_STRIP = NO;
				GCC_C_LANGUAGE_STANDARD = gnu99;
				GCC_DYNAMIC_NO_PIC = NO;
				GCC_OPTIMIZATION_LEVEL = 0;
				GCC_PREPROCESSOR_DEFINITIONS = (
					"DEBUG=1",
					"$(inherited)",
				);
				GCC_SYMBOLS_PRIVATE_EXTERN = NO;
				GCC_VERSION = com.apple.compilers.llvm.clang.1_0;
				GCC_WARN_ABOUT_MISSING_PROTOTYPES = YES;
				GCC_WARN_ABOUT_RETURN_TYPE = YES;
				GCC_WARN_UNUSED_VARIABLE = YES;
				IPHONEOS_DEPLOYMENT_TARGET = 5.0;
				SDKROOT = iphoneos;
			};
			name = Debug;
		};
		B0C8BEA01435B3FE00623B8C /* Release */ = {
			isa = XCBuildConfiguration;
			buildSettings = {
				ALWAYS_SEARCH_USER_PATHS = NO;
				ARCHS = "$(ARCHS_STANDARD_32_BIT)";
				"CODE_SIGN_IDENTITY[sdk=iphoneos*]" = "iPhone Developer";
				COPY_PHASE_STRIP = YES;
				GCC_C_LANGUAGE_STANDARD = gnu99;
				GCC_VERSION = com.apple.compilers.llvm.clang.1_0;
				GCC_WARN_ABOUT_MISSING_PROTOTYPES = YES;
				GCC_WARN_ABOUT_RETURN_TYPE = YES;
				GCC_WARN_UNUSED_VARIABLE = YES;
				IPHONEOS_DEPLOYMENT_TARGET = 5.0;
				OTHER_CFLAGS = "-DNS_BLOCK_ASSERTIONS=1";
				SDKROOT = iphoneos;
				VALIDATE_PRODUCT = YES;
			};
			name = Release;
		};
		B0C8BEA21435B3FE00623B8C /* Debug */ = {
			isa = XCBuildConfiguration;
			buildSettings = {
				GCC_PRECOMPILE_PREFIX_HEADER = YES;
				GCC_PREFIX_HEADER = "peaceios/peaceios-Prefix.pch";
				INFOPLIST_FILE = "peaceios/peaceios-Info.plist";
				IPHONEOS_DEPLOYMENT_TARGET = 3.0;
				PRODUCT_NAME = "$(TARGET_NAME)";
				WRAPPER_EXTENSION = app;
			};
			name = Debug;
		};
		B0C8BEA31435B3FE00623B8C /* Release */ = {
			isa = XCBuildConfiguration;
			buildSettings = {
				GCC_PRECOMPILE_PREFIX_HEADER = YES;
				GCC_PREFIX_HEADER = "peaceios/peaceios-Prefix.pch";
				INFOPLIST_FILE = "peaceios/peaceios-Info.plist";
				IPHONEOS_DEPLOYMENT_TARGET = 3.0;
				PRODUCT_NAME = "$(TARGET_NAME)";
				WRAPPER_EXTENSION = app;
			};
			name = Release;
		};
/* End XCBuildConfiguration section */

/* Begin XCConfigurationList section */
		B0C8BE7D1435B3FE00623B8C /* Build configuration list for PBXProject "peaceios" */ = {
			isa = XCConfigurationList;
			buildConfigurations = (
				B0C8BE9F1435B3FE00623B8C /* Debug */,
				B0C8BEA01435B3FE00623B8C /* Release */,
			);
			defaultConfigurationIsVisible = 0;
			defaultConfigurationName = Release;
		};
		B0C8BEA11435B3FE00623B8C /* Build configuration list for PBXNativeTarget "peaceios" */ = {
			isa = XCConfigurationList;
			buildConfigurations = (
				B0C8BEA21435B3FE00623B8C /* Debug */,
				B0C8BEA31435B3FE00623B8C /* Release */,
			);
			defaultConfigurationIsVisible = 0;
			defaultConfigurationName = Release;
		};
/* End XCConfigurationList section */
	};
	rootObject = B0C8BE7A1435B3FE00623B8C /* Project object */;
}
